// !$*UTF8*$!
{
	archiveVersion = 1;
	classes = {
	};
	objectVersion = 46;
	objects = {

/* Begin PBXAggregateTarget section */
		0D68FB1E1DB7176400F1DBC4 /* createLib */ = {
			isa = PBXAggregateTarget;
			buildConfigurationList = 0D68FB1F1DB7176400F1DBC4 /* Build configuration list for PBXAggregateTarget "createLib" */;
			buildPhases = (
				0D68FB221DB7179800F1DBC4 /* Run Script */,
				0D68FB231DB717B900F1DBC4 /* CopyFiles */,
			);
			dependencies = (
			);
			name = createLib;
			productName = createLib;
		};
/* End PBXAggregateTarget section */

/* Begin PBXBuildFile section */
		0D68FB3C1DB7494A00F1DBC4 /* FFRoute.h in CopyFiles */ = {isa = PBXBuildFile; fileRef = 0D68FB371DB7494A00F1DBC4 /* FFRoute.h */; };
		0D68FB3D1DB7494A00F1DBC4 /* FFRoute.m in Sources */ = {isa = PBXBuildFile; fileRef = 0D68FB381DB7494A00F1DBC4 /* FFRoute.m */; };
		0D68FB3F1DB7494A00F1DBC4 /* FFDemoView.h in CopyFiles */ = {isa = PBXBuildFile; fileRef = 0D68FB3A1DB7494A00F1DBC4 /* FFDemoView.h */; };
		0D68FB401DB7494A00F1DBC4 /* FFDemoView.m in Sources */ = {isa = PBXBuildFile; fileRef = 0D68FB3B1DB7494A00F1DBC4 /* FFDemoView.m */; };
/* End PBXBuildFile section */

/* Begin PBXCopyFilesBuildPhase section */
		0D68FB231DB717B900F1DBC4 /* CopyFiles */ = {
			isa = PBXCopyFilesBuildPhase;
			buildActionMask = 2147483647;
			dstPath = "${PROJECT_DIR}/lib";
			dstSubfolderSpec = 0;
			files = (
				0D68FB3C1DB7494A00F1DBC4 /* FFRoute.h in CopyFiles */,
				0D68FB3F1DB7494A00F1DBC4 /* FFDemoView.h in CopyFiles */,
			);
			runOnlyForDeploymentPostprocessing = 0;
		};
		0DBDAF7D1DB45CEC004C0C8B /* CopyFiles */ = {
			isa = PBXCopyFilesBuildPhase;
			buildActionMask = 2147483647;
			dstPath = "include/$(PRODUCT_NAME)";
			dstSubfolderSpec = 16;
			files = (
			);
			runOnlyForDeploymentPostprocessing = 0;
		};
/* End PBXCopyFilesBuildPhase section */

/* Begin PBXFileReference section */
		0D68FB371DB7494A00F1DBC4 /* FFRoute.h */ = {isa = PBXFileReference; fileEncoding = 4; lastKnownFileType = sourcecode.c.h; path = FFRoute.h; sourceTree = "<group>"; };
		0D68FB381DB7494A00F1DBC4 /* FFRoute.m */ = {isa = PBXFileReference; fileEncoding = 4; lastKnownFileType = sourcecode.c.objc; path = FFRoute.m; sourceTree = "<group>"; };
		0D68FB3A1DB7494A00F1DBC4 /* FFDemoView.h */ = {isa = PBXFileReference; fileEncoding = 4; lastKnownFileType = sourcecode.c.h; path = FFDemoView.h; sourceTree = "<group>"; };
		0D68FB3B1DB7494A00F1DBC4 /* FFDemoView.m */ = {isa = PBXFileReference; fileEncoding = 4; lastKnownFileType = sourcecode.c.objc; path = FFDemoView.m; sourceTree = "<group>"; };
		0D68FB581DB757BE00F1DBC4 /* image.xcassets */ = {isa = PBXFileReference; lastKnownFileType = folder.assetcatalog; path = image.xcassets; sourceTree = "<group>"; };
		0DBDAF7F1DB45CEC004C0C8B /* libFFRoute.a */ = {isa = PBXFileReference; explicitFileType = archive.ar; includeInIndex = 0; path = libFFRoute.a; sourceTree = BUILT_PRODUCTS_DIR; };
/* End PBXFileReference section */

/* Begin PBXFrameworksBuildPhase section */
		0DBDAF7C1DB45CEC004C0C8B /* Frameworks */ = {
			isa = PBXFrameworksBuildPhase;
			buildActionMask = 2147483647;
			files = (
			);
			runOnlyForDeploymentPostprocessing = 0;
		};
/* End PBXFrameworksBuildPhase section */

/* Begin PBXGroup section */
		0D68FB361DB7494A00F1DBC4 /* source */ = {
			isa = PBXGroup;
			children = (
				0D68FB371DB7494A00F1DBC4 /* FFRoute.h */,
				0D68FB381DB7494A00F1DBC4 /* FFRoute.m */,
				0D68FB391DB7494A00F1DBC4 /* View */,
			);
			path = source;
			sourceTree = "<group>";
		};
		0D68FB391DB7494A00F1DBC4 /* View */ = {
			isa = PBXGroup;
			children = (
				0D68FB3A1DB7494A00F1DBC4 /* FFDemoView.h */,
				0D68FB3B1DB7494A00F1DBC4 /* FFDemoView.m */,
			);
			path = View;
			sourceTree = "<group>";
		};
		0D68FB421DB749FC00F1DBC4 /* resource */ = {
			isa = PBXGroup;
			children = (
				0D68FB581DB757BE00F1DBC4 /* image.xcassets */,
			);
			path = resource;
			sourceTree = "<group>";
		};
		0DBDAF761DB45CEC004C0C8B = {
			isa = PBXGroup;
			children = (
				0D68FB421DB749FC00F1DBC4 /* resource */,
				0D68FB361DB7494A00F1DBC4 /* source */,
				0DBDAF801DB45CEC004C0C8B /* Products */,
			);
			sourceTree = "<group>";
		};
		0DBDAF801DB45CEC004C0C8B /* Products */ = {
			isa = PBXGroup;
			children = (
				0DBDAF7F1DB45CEC004C0C8B /* libFFRoute.a */,
			);
			name = Products;
			sourceTree = "<group>";
		};
/* End PBXGroup section */

/* Begin PBXNativeTarget section */
		0DBDAF7E1DB45CEC004C0C8B /* FFRoute */ = {
			isa = PBXNativeTarget;
			buildConfigurationList = 0DBDAF881DB45CEC004C0C8B /* Build configuration list for PBXNativeTarget "FFRoute" */;
			buildPhases = (
				0DBDAF7B1DB45CEC004C0C8B /* Sources */,
				0DBDAF7C1DB45CEC004C0C8B /* Frameworks */,
				0DBDAF7D1DB45CEC004C0C8B /* CopyFiles */,
			);
			buildRules = (
			);
			dependencies = (
			);
			name = FFRoute;
			productName = FFRoute;
			productReference = 0DBDAF7F1DB45CEC004C0C8B /* libFFRoute.a */;
			productType = "com.apple.product-type.library.static";
		};
/* End PBXNativeTarget section */

/* Begin PBXProject section */
		0DBDAF771DB45CEC004C0C8B /* Project object */ = {
			isa = PBXProject;
			attributes = {
				LastUpgradeCheck = 0800;
				ORGANIZATIONNAME = wanda;
				TargetAttributes = {
					0D68FB1E1DB7176400F1DBC4 = {
						CreatedOnToolsVersion = 8.0;
						DevelopmentTeam = TLK5P575Y5;
						ProvisioningStyle = Automatic;
					};
					0DBDAF7E1DB45CEC004C0C8B = {
						CreatedOnToolsVersion = 8.0;
						DevelopmentTeam = TLK5P575Y5;
						ProvisioningStyle = Automatic;
					};
				};
			};
			buildConfigurationList = 0DBDAF7A1DB45CEC004C0C8B /* Build configuration list for PBXProject "FFRoute" */;
			compatibilityVersion = "Xcode 3.2";
			developmentRegion = English;
			hasScannedForEncodings = 0;
			knownRegions = (
				en,
			);
			mainGroup = 0DBDAF761DB45CEC004C0C8B;
			productRefGroup = 0DBDAF801DB45CEC004C0C8B /* Products */;
			projectDirPath = "";
			projectRoot = "";
			targets = (
				0DBDAF7E1DB45CEC004C0C8B /* FFRoute */,
				0D68FB1E1DB7176400F1DBC4 /* createLib */,
			);
		};
/* End PBXProject section */

/* Begin PBXShellScriptBuildPhase section */
		0D68FB221DB7179800F1DBC4 /* Run Script */ = {
			isa = PBXShellScriptBuildPhase;
			buildActionMask = 2147483647;
			files = (
			);
			inputPaths = (
			);
			name = "Run Script";
			outputPaths = (
			);
			runOnlyForDeploymentPostprocessing = 0;
			shellPath = /bin/sh;
			shellScript = "xcodebuild -workspace FFRoute.xcworkspace -scheme FFRoute -sdk iphonesimulator -configuration Debug\nxcodebuild -workspace FFRoute.xcworkspace -scheme FFRoute -sdk iphoneos -configuration Debug\n\n# make a new output folder\nrm -rf ${PROJECT_DIR}/lib\nmkdir -p ${PROJECT_DIR}/lib\n\n# combine lib files for various platforms into one\nlipo -create \"${TARGET_BUILD_DIR}/../Debug-iphoneos/libFFRoute.a\" \"${TARGET_BUILD_DIR}/../Debug-iphonesimulator/libFFRoute.a\" -output \"${PROJECT_DIR}/lib/libFFRoute-debug.a\"";
		};
/* End PBXShellScriptBuildPhase section */

/* Begin PBXSourcesBuildPhase section */
		0DBDAF7B1DB45CEC004C0C8B /* Sources */ = {
			isa = PBXSourcesBuildPhase;
			buildActionMask = 2147483647;
			files = (
				0D68FB3D1DB7494A00F1DBC4 /* FFRoute.m in Sources */,
				0D68FB401DB7494A00F1DBC4 /* FFDemoView.m in Sources */,
			);
			runOnlyForDeploymentPostprocessing = 0;
		};
/* End PBXSourcesBuildPhase section */

/* Begin XCBuildConfiguration section */
		0D68FB201DB7176400F1DBC4 /* Debug */ = {
			isa = XCBuildConfiguration;
			buildSettings = {
				DEVELOPMENT_TEAM = TLK5P575Y5;
				PRODUCT_NAME = "$(TARGET_NAME)";
			};
			name = Debug;
		};
		0D68FB211DB7176400F1DBC4 /* Release */ = {
			isa = XCBuildConfiguration;
			buildSettings = {
				DEVELOPMENT_TEAM = TLK5P575Y5;
				PRODUCT_NAME = "$(TARGET_NAME)";
			};
			name = Release;
		};
		0DBDAF861DB45CEC004C0C8B /* Debug */ = {
			isa = XCBuildConfiguration;
			buildSettings = {
				ALWAYS_SEARCH_USER_PATHS = NO;
				CLANG_ANALYZER_NONNULL = YES;
				CLANG_CXX_LANGUAGE_STANDARD = "gnu++0x";
				CLANG_CXX_LIBRARY = "libc++";
				CLANG_ENABLE_MODULES = YES;
				CLANG_ENABLE_OBJC_ARC = YES;
				CLANG_WARN_BOOL_CONVERSION = YES;
				CLANG_WARN_CONSTANT_CONVERSION = YES;
				CLANG_WARN_DIRECT_OBJC_ISA_USAGE = YES_ERROR;
				CLANG_WARN_DOCUMENTATION_COMMENTS = YES;
				CLANG_WARN_EMPTY_BODY = YES;
				CLANG_WARN_ENUM_CONVERSION = YES;
				CLANG_WARN_INFINITE_RECURSION = YES;
				CLANG_WARN_INT_CONVERSION = YES;
				CLANG_WARN_OBJC_ROOT_CLASS = YES_ERROR;
				CLANG_WARN_SUSPICIOUS_MOVES = YES;
				CLANG_WARN_UNREACHABLE_CODE = YES;
				CLANG_WARN__DUPLICATE_METHOD_MATCH = YES;
				"CODE_SIGN_IDENTITY[sdk=iphoneos*]" = "iPhone Developer";
				COPY_PHASE_STRIP = NO;
				DEBUG_INFORMATION_FORMAT = dwarf;
				ENABLE_STRICT_OBJC_MSGSEND = YES;
				ENABLE_TESTABILITY = YES;
				GCC_C_LANGUAGE_STANDARD = gnu99;
				GCC_DYNAMIC_NO_PIC = NO;
				GCC_NO_COMMON_BLOCKS = YES;
				GCC_OPTIMIZATION_LEVEL = 0;
				GCC_PREPROCESSOR_DEFINITIONS = (
					"DEBUG=1",
					"$(inherited)",
				);
				GCC_WARN_64_TO_32_BIT_CONVERSION = YES;
				GCC_WARN_ABOUT_RETURN_TYPE = YES_ERROR;
				GCC_WARN_UNDECLARED_SELECTOR = YES;
				GCC_WARN_UNINITIALIZED_AUTOS = YES_AGGRESSIVE;
				GCC_WARN_UNUSED_FUNCTION = YES;
				GCC_WARN_UNUSED_VARIABLE = YES;
				IPHONEOS_DEPLOYMENT_TARGET = 10.0;
				MTL_ENABLE_DEBUG_INFO = YES;
				ONLY_ACTIVE_ARCH = YES;
				SDKROOT = iphoneos;
			};
			name = Debug;
		};
		0DBDAF871DB45CEC004C0C8B /* Release */ = {
			isa = XCBuildConfiguration;
			buildSettings = {
				ALWAYS_SEARCH_USER_PATHS = NO;
				CLANG_ANALYZER_NONNULL = YES;
				CLANG_CXX_LANGUAGE_STANDARD = "gnu++0x";
				CLANG_CXX_LIBRARY = "libc++";
				CLANG_ENABLE_MODULES = YES;
				CLANG_ENABLE_OBJC_ARC = YES;
				CLANG_WARN_BOOL_CONVERSION = YES;
				CLANG_WARN_CONSTANT_CONVERSION = YES;
				CLANG_WARN_DIRECT_OBJC_ISA_USAGE = YES_ERROR;
				CLANG_WARN_DOCUMENTATION_COMMENTS = YES;
				CLANG_WARN_EMPTY_BODY = YES;
				CLANG_WARN_ENUM_CONVERSION = YES;
				CLANG_WARN_INFINITE_RECURSION = YES;
				CLANG_WARN_INT_CONVERSION = YES;
				CLANG_WARN_OBJC_ROOT_CLASS = YES_ERROR;
				CLANG_WARN_SUSPICIOUS_MOVES = YES;
				CLANG_WARN_UNREACHABLE_CODE = YES;
				CLANG_WARN__DUPLICATE_METHOD_MATCH = YES;
				"CODE_SIGN_IDENTITY[sdk=iphoneos*]" = "iPhone Developer";
				COPY_PHASE_STRIP = NO;
				DEBUG_INFORMATION_FORMAT = "dwarf-with-dsym";
				ENABLE_NS_ASSERTIONS = NO;
				ENABLE_STRICT_OBJC_MSGSEND = YES;
				GCC_C_LANGUAGE_STANDARD = gnu99;
				GCC_NO_COMMON_BLOCKS = YES;
				GCC_WARN_64_TO_32_BIT_CONVERSION = YES;
				GCC_WARN_ABOUT_RETURN_TYPE = YES_ERROR;
				GCC_WARN_UNDECLARED_SELECTOR = YES;
				GCC_WARN_UNINITIALIZED_AUTOS = YES_AGGRESSIVE;
				GCC_WARN_UNUSED_FUNCTION = YES;
				GCC_WARN_UNUSED_VARIABLE = YES;
				IPHONEOS_DEPLOYMENT_TARGET = 10.0;
				MTL_ENABLE_DEBUG_INFO = NO;
				SDKROOT = iphoneos;
				VALIDATE_PRODUCT = YES;
			};
			name = Release;
		};
		0DBDAF891DB45CEC004C0C8B /* Debug */ = {
			isa = XCBuildConfiguration;
			buildSettings = {
				DEVELOPMENT_TEAM = TLK5P575Y5;
				LIBRARY_SEARCH_PATHS = (
					"$(inherited)",
					"$(PROJECT_DIR)/FFRoute",
				);
				OTHER_LDFLAGS = "-ObjC";
				PRODUCT_NAME = "$(TARGET_NAME)";
				SKIP_INSTALL = YES;
			};
			name = Debug;
		};
		0DBDAF8A1DB45CEC004C0C8B /* Release */ = {
			isa = XCBuildConfiguration;
			buildSettings = {
				DEVELOPMENT_TEAM = TLK5P575Y5;
				LIBRARY_SEARCH_PATHS = (
					"$(inherited)",
					"$(PROJECT_DIR)/FFRoute",
				);
				OTHER_LDFLAGS = "-ObjC";
				PRODUCT_NAME = "$(TARGET_NAME)";
				SKIP_INSTALL = YES;
			};
			name = Release;
		};
/* End XCBuildConfiguration section */

/* Begin XCConfigurationList section */
		0D68FB1F1DB7176400F1DBC4 /* Build configuration list for PBXAggregateTarget "createLib" */ = {
			isa = XCConfigurationList;
			buildConfigurations = (
				0D68FB201DB7176400F1DBC4 /* Debug */,
				0D68FB211DB7176400F1DBC4 /* Release */,
			);
			defaultConfigurationIsVisible = 0;
			defaultConfigurationName = Release;
		};
		0DBDAF7A1DB45CEC004C0C8B /* Build configuration list for PBXProject "FFRoute" */ = {
			isa = XCConfigurationList;
			buildConfigurations = (
				0DBDAF861DB45CEC004C0C8B /* Debug */,
				0DBDAF871DB45CEC004C0C8B /* Release */,
			);
			defaultConfigurationIsVisible = 0;
			defaultConfigurationName = Release;
		};
		0DBDAF881DB45CEC004C0C8B /* Build configuration list for PBXNativeTarget "FFRoute" */ = {
			isa = XCConfigurationList;
			buildConfigurations = (
				0DBDAF891DB45CEC004C0C8B /* Debug */,
				0DBDAF8A1DB45CEC004C0C8B /* Release */,
			);
			defaultConfigurationIsVisible = 0;
			defaultConfigurationName = Release;
		};
/* End XCConfigurationList section */
	};
	rootObject = 0DBDAF771DB45CEC004C0C8B /* Project object */;
}
